
Microsoft Visual Studio Solution File, Format Version 12.00
# Visual Studio Version 17
VisualStudioVersion = 17.2.32516.85
MinimumVisualStudioVersion = 10.0.40219.1
Project("{FAE04EC0-301F-11D3-BF4B-00C04F79EFBC}") = "eTickets", "eTickets\eTickets.csproj", "{988D76C3-CAB2-4E15-870A-F13AFEDC5F1C}"
EndProject
Global
	GlobalSection(SolutionConfigurationPlatforms) = preSolution
		Debug|Any CPU = Debug|Any CPU
		Release|Any CPU = Release|Any CPU
	EndGlobalSection
	GlobalSection(ProjectConfigurationPlatforms) = postSolution
		{988D76C3-CAB2-4E15-870A-F13AFEDC5F1C}.Debug|Any CPU.ActiveCfg = Debug|Any CPU
		{988D76C3-CAB2-4E15-870A-F13AFEDC5F1C}.Debug|Any CPU.Build.0 = Debug|Any CPU
		{988D76C3-CAB2-4E15-870A-F13AFEDC5F1C}.Release|Any CPU.ActiveCfg = Release|Any CPU
		{988D76C3-CAB2-4E15-870A-F13AFEDC5F1C}.Release|Any CPU.Build.0 = Release|Any CPU
	EndGlobalSection
	GlobalSection(SolutionProperties) = preSolution
		HideSolutionNode = FALSE
	EndGlobalSection
	GlobalSection(ExtensibilityGlobals) = postSolution
		SolutionGuid = {FDC03C23-CE7A-4F27-91F5-EB1FF49E5B80}
	EndGlobalSection
EndGlobal
